
Microsoft Visual Studio Solution File, Format Version 12.00
# Visual Studio Version 16
VisualStudioVersion = 16.0.30002.166
MinimumVisualStudioVersion = 10.0.40219.1
Project("{FAE04EC0-301F-11D3-BF4B-00C04F79EFBC}") = "IWErpnextPoll", "IWErpnextPoll\IWErpnextPoll.csproj", "{8C28493E-87DF-4632-9740-DCAC9DEF0907}"
EndProject
Project("{930C7802-8A8C-48F9-8165-68863BCCD9DD}") = "IWERPNextPoll_Setup", "IWERPNextPoll_Setup\IWERPNextPoll_Setup.wixproj", "{1EE94A7B-C082-43A7-B1EC-A831B3CDE73F}"
EndProject
Global
	GlobalSection(SolutionConfigurationPlatforms) = preSolution
		Debug|Any CPU = Debug|Any CPU
		Debug|x86 = Debug|x86
		Release|Any CPU = Release|Any CPU
		Release|x86 = Release|x86
	EndGlobalSection
	GlobalSection(ProjectConfigurationPlatforms) = postSolution
		{8C28493E-87DF-4632-9740-DCAC9DEF0907}.Debug|Any CPU.ActiveCfg = Debug|Any CPU
		{8C28493E-87DF-4632-9740-DCAC9DEF0907}.Debug|Any CPU.Build.0 = Debug|Any CPU
		{8C28493E-87DF-4632-9740-DCAC9DEF0907}.Debug|x86.ActiveCfg = Debug|x86
		{8C28493E-87DF-4632-9740-DCAC9DEF0907}.Debug|x86.Build.0 = Debug|x86
		{8C28493E-87DF-4632-9740-DCAC9DEF0907}.Release|Any CPU.ActiveCfg = Release|Any CPU
		{8C28493E-87DF-4632-9740-DCAC9DEF0907}.Release|Any CPU.Build.0 = Release|Any CPU
		{8C28493E-87DF-4632-9740-DCAC9DEF0907}.Release|x86.ActiveCfg = Release|x86
		{8C28493E-87DF-4632-9740-DCAC9DEF0907}.Release|x86.Build.0 = Release|x86
		{1EE94A7B-C082-43A7-B1EC-A831B3CDE73F}.Debug|Any CPU.ActiveCfg = Debug|x86
		{1EE94A7B-C082-43A7-B1EC-A831B3CDE73F}.Debug|x86.ActiveCfg = Debug|x86
		{1EE94A7B-C082-43A7-B1EC-A831B3CDE73F}.Debug|x86.Build.0 = Debug|x86
		{1EE94A7B-C082-43A7-B1EC-A831B3CDE73F}.Release|Any CPU.ActiveCfg = Release|x86
		{1EE94A7B-C082-43A7-B1EC-A831B3CDE73F}.Release|x86.ActiveCfg = Release|x86
		{1EE94A7B-C082-43A7-B1EC-A831B3CDE73F}.Release|x86.Build.0 = Release|x86
	EndGlobalSection
	GlobalSection(SolutionProperties) = preSolution
		HideSolutionNode = FALSE
	EndGlobalSection
	GlobalSection(ExtensibilityGlobals) = postSolution
		SolutionGuid = {4906D0CE-7C3A-4F81-AF57-D8F21FD59E42}
	EndGlobalSection
EndGlobal
